
Microsoft Visual Studio Solution File, Format Version 12.00
# Visual Studio Version 16
VisualStudioVersion = 16.0.31702.278
MinimumVisualStudioVersion = 10.0.40219.1
Project("{FAE04EC0-301F-11D3-BF4B-00C04F79EFBC}") = "Ticket System Design", "Ticket System Design\Ticket System Design.csproj", "{75EE7164-285A-4BAE-99AD-EC8DF0C4FCC9}"
EndProject
Global
	GlobalSection(SolutionConfigurationPlatforms) = preSolution
		Debug|Any CPU = Debug|Any CPU
		Release|Any CPU = Release|Any CPU
	EndGlobalSection
	GlobalSection(ProjectConfigurationPlatforms) = postSolution
		{75EE7164-285A-4BAE-99AD-EC8DF0C4FCC9}.Debug|Any CPU.ActiveCfg = Debug|Any CPU
		{75EE7164-285A-4BAE-99AD-EC8DF0C4FCC9}.Debug|Any CPU.Build.0 = Debug|Any CPU
		{75EE7164-285A-4BAE-99AD-EC8DF0C4FCC9}.Release|Any CPU.ActiveCfg = Release|Any CPU
		{75EE7164-285A-4BAE-99AD-EC8DF0C4FCC9}.Release|Any CPU.Build.0 = Release|Any CPU
	EndGlobalSection
	GlobalSection(SolutionProperties) = preSolution
		HideSolutionNode = FALSE
	EndGlobalSection
	GlobalSection(ExtensibilityGlobals) = postSolution
		SolutionGuid = {F90EB97D-2072-49D8-9A2F-F51F74BB664D}
	EndGlobalSection
EndGlobal
